%{"bbmustache": {:hex, :bbmustache, "1.0.4", "7ba94f971c5afd7b6617918a4bb74705e36cab36eb84b19b6a1b7ee06427aa38", [], [], "hexpm"},
  "cdmioid": {:git, "https://github.com/building39/cdmioid.git", "8740e2acd1afa1302a4f442a1238240e96f69f82", [tag: "0.1.1"]},
  "cf": {:hex, :cf, "0.2.2", "7f2913fff90abcabd0f489896cfeb0b0674f6c8df6c10b17a83175448029896c", [], [], "hexpm"},
  "connection": {:hex, :connection, "1.0.4", "a1cae72211f0eef17705aaededacac3eb30e6625b04a6117c1b2db6ace7d5976", [], [], "hexpm"},
  "elcrc16": {:git, "https://github.com/building39/elcrc16.git", "af5ab56bbccea00b2f166c25b872828f27d45673", [branch: "master"]},
  "erlware_commons": {:hex, :erlware_commons, "1.0.4", "8f215709ccb8a99bc0436405cd78a8a92b84ad08969c2b926e239cc3b08ac4dc", [], [{:cf, "0.2.2", [hex: :cf, repo: "hexpm", optional: false]}], "hexpm"},
  "exrm": {:hex, :exrm, "1.0.8", "5aa8990cdfe300282828b02cefdc339e235f7916388ce99f9a1f926a9271a45d", [], [{:relx, "~> 3.5", [hex: :relx, repo: "hexpm", optional: false]}], "hexpm"},
  "getopt": {:hex, :getopt, "1.0.1", "c73a9fa687b217f2ff79f68a3b637711bb1936e712b521d8ce466b29cbf7808a", [], [], "hexpm"},
  "hamcrest": {:hex, :basho_hamcrest, "0.4.1", "fb7b2c92d252a1e9db936750b86089addaebeb8f87967fb4bbdda61e8863338e", [], [], "hexpm"},
  "logger_file_backend": {:hex, :logger_file_backend, "0.0.10", "876f9f84ae110781207c54321ffbb62bebe02946fe3c13f0d7c5f5d8ad4fa910", [], [], "hexpm"},
  "memcache_client": {:git, "https://github.com/tsharju/memcache_client.git", "de67ac3ce707b111ef9fe3a51c91efe27ae39ad3", [tag: "master"]},
  "nebula_metadata": {:git, "git@github.com:building39/nebula_metadata.git", "8c92a3367e70e05836b0fa6ffbf0208458864225", [tag: "v0.2.5"]},
  "poison": {:hex, :poison, "2.2.0", "4763b69a8a77bd77d26f477d196428b741261a761257ff1cf92753a0d4d24a63", [], [], "hexpm"},
  "poolboy": {:hex, :poolboy, "1.5.1", "6b46163901cfd0a1b43d692657ed9d7e599853b3b21b95ae5ae0a777cf9b6ca8", [], [], "hexpm"},
  "pooler": {:hex, :pooler, "1.5.3", "898cd1fa301fc42d4a8ed598ce139b71ca85b54c16ab161152b5cc5fbdcfa1a8", [], [], "hexpm"},
  "providers": {:hex, :providers, "1.7.0", "bbf730563914328ec2511d205e6477a94831db7297de313b3872a2b26c562eab", [], [{:getopt, "1.0.1", [hex: :getopt, repo: "hexpm", optional: false]}], "hexpm"},
  "relx": {:hex, :relx, "3.24.3", "a7ada05319d52791fc63bac8027f464156b52a0453ba5dd09a9386babf06af26", [], [{:bbmustache, "1.0.4", [hex: :bbmustache, repo: "hexpm", optional: false]}, {:cf, "0.2.2", [hex: :cf, repo: "hexpm", optional: false]}, {:erlware_commons, "1.0.4", [hex: :erlware_commons, repo: "hexpm", optional: false]}, {:getopt, "1.0.1", [hex: :getopt, repo: "hexpm", optional: false]}, {:providers, "1.7.0", [hex: :providers, repo: "hexpm", optional: false]}], "hexpm"},
  "riak": {:hex, :riak, "1.1.6", "e69c48ef5c19b98484ac9dc5ee84a414f676bdceb55ffd5fa9e0fbbad4842fb5", [], [{:pooler, "~> 1.5.3", [hex: :pooler, repo: "hexpm", optional: false]}, {:riakc, "~> 2.5.3", [hex: :riakc, repo: "hexpm", optional: false]}], "hexpm"},
  "riak_pb": {:hex, :riak_pb, "2.3.2", "48ffbf66dbb3f136ab9a7134bac4e496754baa5ef58c4f50a61326736d996390", [], [{:hamcrest, "~> 0.4.1", [hex: :basho_hamcrest, repo: "hexpm", optional: false]}], "hexpm"},
  "riakc": {:hex, :riakc, "2.5.3", "6132d9e687a0dfd314b2b24c4594302ca8b55568a5d733c491d8fb6cd4004763", [], [{:riak_pb, "~> 2.3", [hex: :riak_pb, repo: "hexpm", optional: false]}], "hexpm"},
  "uuid": {:hex, :uuid, "1.1.8", "e22fc04499de0de3ed1116b770c7737779f226ceefa0badb3592e64d5cfb4eb9", [], [], "hexpm"}}
