%{
  "bbmustache": {:hex, :bbmustache, "1.0.4", "7ba94f971c5afd7b6617918a4bb74705e36cab36eb84b19b6a1b7ee06427aa38", [:rebar], []},
  "cdmioid": {:git, "https://github.com/building39/cdmioid.git", "8740e2acd1afa1302a4f442a1238240e96f69f82", [tag: "0.1.1"]},
  "cf": {:hex, :cf, "0.2.1", "69d0b1349fd4d7d4dc55b7f407d29d7a840bf9a1ef5af529f1ebe0ce153fc2ab", [:rebar3], []},
  "connection": {:hex, :connection, "1.0.4", "a1cae72211f0eef17705aaededacac3eb30e6625b04a6117c1b2db6ace7d5976", [], [], "hexpm"},
  "elcrc16": {:git, "https://github.com/building39/elcrc16.git", "af5ab56bbccea00b2f166c25b872828f27d45673", [branch: "master"]},
  "erlware_commons": {:hex, :erlware_commons, "0.21.0", "a04433071ad7d112edefc75ac77719dd3e6753e697ac09428fc83d7564b80b15", [:rebar3], [{:cf, "0.2.1", [hex: :cf, optional: false]}]},
  "exconstructor": {:hex, :exconstructor, "1.0.2", "46c60fa258d3893c2c7d0d45f80b9c830919c38eea2a19c61acaf17f0851b902", [:mix], []},
  "exrm": {:hex, :exrm, "1.0.8", "5aa8990cdfe300282828b02cefdc339e235f7916388ce99f9a1f926a9271a45d", [:mix], [{:relx, "~> 3.5", [hex: :relx, optional: false]}]},
  "getopt": {:hex, :getopt, "0.8.2", "b17556db683000ba50370b16c0619df1337e7af7ecbf7d64fbf8d1d6bce3109b", [:rebar], []},
  "hamcrest": {:hex, :basho_hamcrest, "0.4.1", "fb7b2c92d252a1e9db936750b86089addaebeb8f87967fb4bbdda61e8863338e", [:make, :mix, :rebar3], [], "hexpm"},
  "linguist": {:hex, :linguist, "0.1.5", "98739fc47ac5d951322a57c787f46786c95b53d800105d43a0631633e7f9da9b", [:mix], []},
  "logger_file_backend": {:hex, :logger_file_backend, "0.0.4", "abf3cd1ff798b329a326106e9ac7374a20f6927281b52b34ea8c8f5fc4324b36", [:mix], []},
  "meck": {:hex, :meck, "0.8.4", "59ca1cd971372aa223138efcf9b29475bde299e1953046a0c727184790ab1520", [:rebar, :make], []},
  "memcache_client": {:git, "https://github.com/tsharju/memcache_client.git", "de67ac3ce707b111ef9fe3a51c91efe27ae39ad3", [tag: "master"]},
  "nebula_metadata": {:git, "git@github.com:building39/nebula_metadata.git", "412b13149276e02d12308e727e872b86c3a7ef87", [tag: "v0.2.9"]},
  "poison": {:hex, :poison, "2.2.0", "4763b69a8a77bd77d26f477d196428b741261a761257ff1cf92753a0d4d24a63", [:mix], []},
  "poolboy": {:hex, :poolboy, "1.5.1", "6b46163901cfd0a1b43d692657ed9d7e599853b3b21b95ae5ae0a777cf9b6ca8", [], [], "hexpm"},
  "pooler": {:hex, :pooler, "1.5.3", "898cd1fa301fc42d4a8ed598ce139b71ca85b54c16ab161152b5cc5fbdcfa1a8", [:rebar3], [], "hexpm"},
  "protobuffs": {:hex, :protobuffs, "0.8.4", "d38ca5f7380d8477c274680273372011890f8d0037c0d7e7db5c0207b89a4e0b", [:rebar, :make], [{:meck, "~> 0.8.4", [hex: :meck, optional: false]}]},
  "providers": {:hex, :providers, "1.6.0", "db0e2f9043ae60c0155205fcd238d68516331d0e5146155e33d1e79dc452964a", [:rebar3], [{:getopt, "0.8.2", [hex: :getopt, optional: false]}]},
  "relx": {:hex, :relx, "3.21.0", "91e1ea9f09b4edfda8461901f4b5c5e0226e43ec161e147eeab29f7761df6eb5", [:rebar3], [{:bbmustache, "1.0.4", [hex: :bbmustache, optional: false]}, {:cf, "0.2.1", [hex: :cf, optional: false]}, {:erlware_commons, "0.21.0", [hex: :erlware_commons, optional: false]}, {:getopt, "0.8.2", [hex: :getopt, optional: false]}, {:providers, "1.6.0", [hex: :providers, optional: false]}]},
  "riak": {:hex, :riak, "1.1.0", "25d4ab68fa2b0c76bafb8144646ed536e7bf2c10e6cc5cf55defb29f1808f8f4", [:mix], [{:linguist, "~> 0.1", [hex: :linguist, optional: false]}, {:pooler, "~> 1.5", [hex: :pooler, optional: false]}, {:riakc, "~> 2.4", [hex: :riakc, optional: false]}]},
  "riak_pb": {:hex, :riak_pb, "2.3.2", "48ffbf66dbb3f136ab9a7134bac4e496754baa5ef58c4f50a61326736d996390", [:make, :mix, :rebar3], [{:hamcrest, "~> 0.4.1", [hex: :basho_hamcrest, repo: "hexpm", optional: false]}], "hexpm"},
  "riakc": {:hex, :riakc, "2.5.3", "6132d9e687a0dfd314b2b24c4594302ca8b55568a5d733c491d8fb6cd4004763", [:make, :mix, :rebar3], [{:riak_pb, "~> 2.3", [hex: :riak_pb, repo: "hexpm", optional: false]}], "hexpm"},
  "uuid": {:hex, :uuid, "1.1.5", "96cb36d86ee82f912efea4d50464a5df606bf3f1163d6bdbb302d98474969369", [:mix], []},
}
